
Microsoft Visual Studio Solution File, Format Version 12.00
# Visual Studio Version 17
VisualStudioVersion = 17.3.32825.248
MinimumVisualStudioVersion = 10.0.40219.1
Project("{FAE04EC0-301F-11D3-BF4B-00C04F79EFBC}") = "API-Baixa-Sapiens", "API-Baixa-Sapiens\API-Baixa-Sapiens.csproj", "{81E7CA3B-D5DF-479E-8A7A-542F9A75A75B}"
EndProject
Global
	GlobalSection(SolutionConfigurationPlatforms) = preSolution
		Debug|Any CPU = Debug|Any CPU
		Release|Any CPU = Release|Any CPU
	EndGlobalSection
	GlobalSection(ProjectConfigurationPlatforms) = postSolution
		{81E7CA3B-D5DF-479E-8A7A-542F9A75A75B}.Debug|Any CPU.ActiveCfg = Debug|Any CPU
		{81E7CA3B-D5DF-479E-8A7A-542F9A75A75B}.Debug|Any CPU.Build.0 = Debug|Any CPU
		{81E7CA3B-D5DF-479E-8A7A-542F9A75A75B}.Release|Any CPU.ActiveCfg = Release|Any CPU
		{81E7CA3B-D5DF-479E-8A7A-542F9A75A75B}.Release|Any CPU.Build.0 = Release|Any CPU
	EndGlobalSection
	GlobalSection(SolutionProperties) = preSolution
		HideSolutionNode = FALSE
	EndGlobalSection
	GlobalSection(ExtensibilityGlobals) = postSolution
		SolutionGuid = {0E3C67A6-59D8-4940-B08A-4745A174041A}
	EndGlobalSection
EndGlobal
